
Microsoft Visual Studio Solution File, Format Version 12.00
# Visual Studio Version 17
VisualStudioVersion = 17.8.34322.80
MinimumVisualStudioVersion = 10.0.40219.1
Project("{9A19103F-16F7-4668-BE54-9A1E7A4F7556}") = "CarbonOptimization.ConsoleApp", "CarbonOptimization.ConsoleApp\CarbonOptimization.ConsoleApp.csproj", "{4C2E8EFD-6E4B-4E09-96F1-53A7BE63B62D}"
EndProject
Project("{9A19103F-16F7-4668-BE54-9A1E7A4F7556}") = "CarbonOptimization", "CarbonOptimization\CarbonOptimization.csproj", "{F11643DD-9495-44CB-AAAD-F87E95F805D7}"
EndProject
Project("{2150E333-8FDC-42A3-9474-1A3956D46DE8}") = ".github", ".github", "{512632E1-3D46-4B73-8CFE-AF13A53A691A}"
EndProject
Project("{2150E333-8FDC-42A3-9474-1A3956D46DE8}") = "workflows", "workflows", "{8AB4C3BD-55D7-4D37-8717-08EB41357A34}"
	ProjectSection(SolutionItems) = preProject
		publish-nuget.yml = publish-nuget.yml
	EndProjectSection
EndProject
Global
	GlobalSection(SolutionConfigurationPlatforms) = preSolution
		Debug|Any CPU = Debug|Any CPU
		Release|Any CPU = Release|Any CPU
	EndGlobalSection
	GlobalSection(ProjectConfigurationPlatforms) = postSolution
		{4C2E8EFD-6E4B-4E09-96F1-53A7BE63B62D}.Debug|Any CPU.ActiveCfg = Debug|Any CPU
		{4C2E8EFD-6E4B-4E09-96F1-53A7BE63B62D}.Debug|Any CPU.Build.0 = Debug|Any CPU
		{4C2E8EFD-6E4B-4E09-96F1-53A7BE63B62D}.Release|Any CPU.ActiveCfg = Release|Any CPU
		{4C2E8EFD-6E4B-4E09-96F1-53A7BE63B62D}.Release|Any CPU.Build.0 = Release|Any CPU
		{F11643DD-9495-44CB-AAAD-F87E95F805D7}.Debug|Any CPU.ActiveCfg = Debug|Any CPU
		{F11643DD-9495-44CB-AAAD-F87E95F805D7}.Debug|Any CPU.Build.0 = Debug|Any CPU
		{F11643DD-9495-44CB-AAAD-F87E95F805D7}.Release|Any CPU.ActiveCfg = Release|Any CPU
		{F11643DD-9495-44CB-AAAD-F87E95F805D7}.Release|Any CPU.Build.0 = Release|Any CPU
	EndGlobalSection
	GlobalSection(SolutionProperties) = preSolution
		HideSolutionNode = FALSE
	EndGlobalSection
	GlobalSection(NestedProjects) = preSolution
		{8AB4C3BD-55D7-4D37-8717-08EB41357A34} = {512632E1-3D46-4B73-8CFE-AF13A53A691A}
	EndGlobalSection
	GlobalSection(ExtensibilityGlobals) = postSolution
		SolutionGuid = {E07E27E6-6A3F-41B9-90ED-0FF112E26C6F}
	EndGlobalSection
EndGlobal
